
Microsoft Visual Studio Solution File, Format Version 12.00
# Visual Studio Version 16
VisualStudioVersion = 16.0.29209.62
MinimumVisualStudioVersion = 10.0.40219.1
Project("{FAE04EC0-301F-11D3-BF4B-00C04F79EFBC}") = "LifeGallery.DAL", "LifeGallery.DAL\LifeGallery.DAL.csproj", "{0E120A1A-02F3-4B94-A211-E4E151373B41}"
EndProject
Project("{FAE04EC0-301F-11D3-BF4B-00C04F79EFBC}") = "LifeGallery.BLL", "LifeGallery.BLL\LifeGallery.BLL.csproj", "{8E13A234-FDB2-48D5-AF5F-ED0BBB908698}"
EndProject
Project("{FAE04EC0-301F-11D3-BF4B-00C04F79EFBC}") = "LifeGallery.WebApi", "LifeGallery.WebApi\LifeGallery.WebApi.csproj", "{5EA90DA3-FB7B-4B94-853A-1EB702EC0020}"
EndProject
Global
	GlobalSection(SolutionConfigurationPlatforms) = preSolution
		Debug|Any CPU = Debug|Any CPU
		Release|Any CPU = Release|Any CPU
	EndGlobalSection
	GlobalSection(ProjectConfigurationPlatforms) = postSolution
		{0E120A1A-02F3-4B94-A211-E4E151373B41}.Debug|Any CPU.ActiveCfg = Debug|Any CPU
		{0E120A1A-02F3-4B94-A211-E4E151373B41}.Debug|Any CPU.Build.0 = Debug|Any CPU
		{0E120A1A-02F3-4B94-A211-E4E151373B41}.Release|Any CPU.ActiveCfg = Release|Any CPU
		{0E120A1A-02F3-4B94-A211-E4E151373B41}.Release|Any CPU.Build.0 = Release|Any CPU
		{8E13A234-FDB2-48D5-AF5F-ED0BBB908698}.Debug|Any CPU.ActiveCfg = Debug|Any CPU
		{8E13A234-FDB2-48D5-AF5F-ED0BBB908698}.Debug|Any CPU.Build.0 = Debug|Any CPU
		{8E13A234-FDB2-48D5-AF5F-ED0BBB908698}.Release|Any CPU.ActiveCfg = Release|Any CPU
		{8E13A234-FDB2-48D5-AF5F-ED0BBB908698}.Release|Any CPU.Build.0 = Release|Any CPU
		{5EA90DA3-FB7B-4B94-853A-1EB702EC0020}.Debug|Any CPU.ActiveCfg = Debug|Any CPU
		{5EA90DA3-FB7B-4B94-853A-1EB702EC0020}.Debug|Any CPU.Build.0 = Debug|Any CPU
		{5EA90DA3-FB7B-4B94-853A-1EB702EC0020}.Release|Any CPU.ActiveCfg = Release|Any CPU
		{5EA90DA3-FB7B-4B94-853A-1EB702EC0020}.Release|Any CPU.Build.0 = Release|Any CPU
	EndGlobalSection
	GlobalSection(SolutionProperties) = preSolution
		HideSolutionNode = FALSE
	EndGlobalSection
	GlobalSection(ExtensibilityGlobals) = postSolution
		SolutionGuid = {5D6C786A-D692-4220-8637-BC48714DAA55}
	EndGlobalSection
EndGlobal
